
Microsoft Visual Studio Solution File, Format Version 12.00
# Visual Studio Version 17
VisualStudioVersion = 17.3.32901.215
MinimumVisualStudioVersion = 10.0.40219.1
Project("{FAE04EC0-301F-11D3-BF4B-00C04F79EFBC}") = "4 tane not ortalaması-777", "4 tane not ortalaması-777\4 tane not ortalaması-777.csproj", "{0FE7575A-9578-4991-B925-830AB89DE69D}"
EndProject
Global
	GlobalSection(SolutionConfigurationPlatforms) = preSolution
		Debug|Any CPU = Debug|Any CPU
		Release|Any CPU = Release|Any CPU
	EndGlobalSection
	GlobalSection(ProjectConfigurationPlatforms) = postSolution
		{0FE7575A-9578-4991-B925-830AB89DE69D}.Debug|Any CPU.ActiveCfg = Debug|Any CPU
		{0FE7575A-9578-4991-B925-830AB89DE69D}.Debug|Any CPU.Build.0 = Debug|Any CPU
		{0FE7575A-9578-4991-B925-830AB89DE69D}.Release|Any CPU.ActiveCfg = Release|Any CPU
		{0FE7575A-9578-4991-B925-830AB89DE69D}.Release|Any CPU.Build.0 = Release|Any CPU
	EndGlobalSection
	GlobalSection(SolutionProperties) = preSolution
		HideSolutionNode = FALSE
	EndGlobalSection
	GlobalSection(ExtensibilityGlobals) = postSolution
		SolutionGuid = {4399274F-88CE-401E-8A48-4DD79ECDB0E9}
	EndGlobalSection
EndGlobal
